
Microsoft Visual Studio Solution File, Format Version 12.00
# Visual Studio Version 17
VisualStudioVersion = 17.3.32901.215
MinimumVisualStudioVersion = 10.0.40219.1
Project("{FAE04EC0-301F-11D3-BF4B-00C04F79EFBC}") = "degiskenler", "degiskenler\degiskenler.csproj", "{88337CD4-8ED8-4358-87EF-0CC5251FB07C}"
EndProject
Global
	GlobalSection(SolutionConfigurationPlatforms) = preSolution
		Debug|Any CPU = Debug|Any CPU
		Release|Any CPU = Release|Any CPU
	EndGlobalSection
	GlobalSection(ProjectConfigurationPlatforms) = postSolution
		{88337CD4-8ED8-4358-87EF-0CC5251FB07C}.Debug|Any CPU.ActiveCfg = Debug|Any CPU
		{88337CD4-8ED8-4358-87EF-0CC5251FB07C}.Debug|Any CPU.Build.0 = Debug|Any CPU
		{88337CD4-8ED8-4358-87EF-0CC5251FB07C}.Release|Any CPU.ActiveCfg = Release|Any CPU
		{88337CD4-8ED8-4358-87EF-0CC5251FB07C}.Release|Any CPU.Build.0 = Release|Any CPU
	EndGlobalSection
	GlobalSection(SolutionProperties) = preSolution
		HideSolutionNode = FALSE
	EndGlobalSection
	GlobalSection(ExtensibilityGlobals) = postSolution
		SolutionGuid = {67898D9A-3BB0-4429-B119-BCF6B30799C9}
	EndGlobalSection
EndGlobal
